// !$*UTF8*$!
{
	archiveVersion = 1;
	classes = {
	};
	objectVersion = 50;
	objects = {

/* Begin PBXBuildFile section */
		C728D25C25980A930003659F /* AppDelegate.swift in Sources */ = {isa = PBXBuildFile; fileRef = C728D25B25980A930003659F /* AppDelegate.swift */; };
		C728D25E25980A930003659F /* SceneDelegate.swift in Sources */ = {isa = PBXBuildFile; fileRef = C728D25D25980A930003659F /* SceneDelegate.swift */; };
		C728D26025980A930003659F /* ViewController.swift in Sources */ = {isa = PBXBuildFile; fileRef = C728D25F25980A930003659F /* ViewController.swift */; };
		C728D26325980A930003659F /* Main.storyboard in Resources */ = {isa = PBXBuildFile; fileRef = C728D26125980A930003659F /* Main.storyboard */; };
		C728D26525980A980003659F /* Assets.xcassets in Resources */ = {isa = PBXBuildFile; fileRef = C728D26425980A980003659F /* Assets.xcassets */; };
		C728D26825980A980003659F /* LaunchScreen.storyboard in Resources */ = {isa = PBXBuildFile; fileRef = C728D26625980A980003659F /* LaunchScreen.storyboard */; };
		C728D27325980A980003659F /* tip_calculatorTests.swift in Sources */ = {isa = PBXBuildFile; fileRef = C728D27225980A980003659F /* tip_calculatorTests.swift */; };
		C728D27E25980A980003659F /* tip_calculatorUITests.swift in Sources */ = {isa = PBXBuildFile; fileRef = C728D27D25980A980003659F /* tip_calculatorUITests.swift */; };
/* End PBXBuildFile section */

/* Begin PBXContainerItemProxy section */
		C728D26F25980A980003659F /* PBXContainerItemProxy */ = {
			isa = PBXContainerItemProxy;
			containerPortal = C728D25025980A930003659F /* Project object */;
			proxyType = 1;
			remoteGlobalIDString = C728D25725980A930003659F;
			remoteInfo = "tip calculator";
		};
		C728D27A25980A980003659F /* PBXContainerItemProxy */ = {
			isa = PBXContainerItemProxy;
			containerPortal = C728D25025980A930003659F /* Project object */;
			proxyType = 1;
			remoteGlobalIDString = C728D25725980A930003659F;
			remoteInfo = "tip calculator";
		};
/* End PBXContainerItemProxy section */

/* Begin PBXFileReference section */
		C728D25825980A930003659F /* tip calculator.app */ = {isa = PBXFileReference; explicitFileType = wrapper.application; includeInIndex = 0; path = "tip calculator.app"; sourceTree = BUILT_PRODUCTS_DIR; };
		C728D25B25980A930003659F /* AppDelegate.swift */ = {isa = PBXFileReference; lastKnownFileType = sourcecode.swift; path = AppDelegate.swift; sourceTree = "<group>"; };
		C728D25D25980A930003659F /* SceneDelegate.swift */ = {isa = PBXFileReference; lastKnownFileType = sourcecode.swift; path = SceneDelegate.swift; sourceTree = "<group>"; };
		C728D25F25980A930003659F /* ViewController.swift */ = {isa = PBXFileReference; lastKnownFileType = sourcecode.swift; path = ViewController.swift; sourceTree = "<group>"; };
		C728D26225980A930003659F /* Base */ = {isa = PBXFileReference; lastKnownFileType = file.storyboard; name = Base; path = Base.lproj/Main.storyboard; sourceTree = "<group>"; };
		C728D26425980A980003659F /* Assets.xcassets */ = {isa = PBXFileReference; lastKnownFileType = folder.assetcatalog; path = Assets.xcassets; sourceTree = "<group>"; };
		C728D26725980A980003659F /* Base */ = {isa = PBXFileReference; lastKnownFileType = file.storyboard; name = Base; path = Base.lproj/LaunchScreen.storyboard; sourceTree = "<group>"; };
		C728D26925980A980003659F /* Info.plist */ = {isa = PBXFileReference; lastKnownFileType = text.plist.xml; path = Info.plist; sourceTree = "<group>"; };
		C728D26E25980A980003659F /* tip calculatorTests.xctest */ = {isa = PBXFileReference; explicitFileType = wrapper.cfbundle; includeInIndex = 0; path = "tip calculatorTests.xctest"; sourceTree = BUILT_PRODUCTS_DIR; };
		C728D27225980A980003659F /* tip_calculatorTests.swift */ = {isa = PBXFileReference; lastKnownFileType = sourcecode.swift; path = tip_calculatorTests.swift; sourceTree = "<group>"; };
		C728D27425980A980003659F /* Info.plist */ = {isa = PBXFileReference; lastKnownFileType = text.plist.xml; path = Info.plist; sourceTree = "<group>"; };
		C728D27925980A980003659F /* tip calculatorUITests.xctest */ = {isa = PBXFileReference; explicitFileType = wrapper.cfbundle; includeInIndex = 0; path = "tip calculatorUITests.xctest"; sourceTree = BUILT_PRODUCTS_DIR; };
		C728D27D25980A980003659F /* tip_calculatorUITests.swift */ = {isa = PBXFileReference; lastKnownFileType = sourcecode.swift; path = tip_calculatorUITests.swift; sourceTree = "<group>"; };
		C728D27F25980A980003659F /* Info.plist */ = {isa = PBXFileReference; lastKnownFileType = text.plist.xml; path = Info.plist; sourceTree = "<group>"; };
/* End PBXFileReference section */

/* Begin PBXFrameworksBuildPhase section */
		C728D25525980A930003659F /* Frameworks */ = {
			isa = PBXFrameworksBuildPhase;
			buildActionMask = 2147483647;
			files = (
			);
			runOnlyForDeploymentPostprocessing = 0;
		};
		C728D26B25980A980003659F /* Frameworks */ = {
			isa = PBXFrameworksBuildPhase;
			buildActionMask = 2147483647;
			files = (
			);
			runOnlyForDeploymentPostprocessing = 0;
		};
		C728D27625980A980003659F /* Frameworks */ = {
			isa = PBXFrameworksBuildPhase;
			buildActionMask = 2147483647;
			files = (
			);
			runOnlyForDeploymentPostprocessing = 0;
		};
/* End PBXFrameworksBuildPhase section */

/* Begin PBXGroup section */
		C728D24F25980A930003659F = {
			isa = PBXGroup;
			children = (
				C728D25A25980A930003659F /* tip calculator */,
				C728D27125980A980003659F /* tip calculatorTests */,
				C728D27C25980A980003659F /* tip calculatorUITests */,
				C728D25925980A930003659F /* Products */,
			);
			sourceTree = "<group>";
		};
		C728D25925980A930003659F /* Products */ = {
			isa = PBXGroup;
			children = (
				C728D25825980A930003659F /* tip calculator.app */,
				C728D26E25980A980003659F /* tip calculatorTests.xctest */,
				C728D27925980A980003659F /* tip calculatorUITests.xctest */,
			);
			name = Products;
			sourceTree = "<group>";
		};
		C728D25A25980A930003659F /* tip calculator */ = {
			isa = PBXGroup;
			children = (
				C728D25B25980A930003659F /* AppDelegate.swift */,
				C728D25D25980A930003659F /* SceneDelegate.swift */,
				C728D25F25980A930003659F /* ViewController.swift */,
				C728D26125980A930003659F /* Main.storyboard */,
				C728D26425980A980003659F /* Assets.xcassets */,
				C728D26625980A980003659F /* LaunchScreen.storyboard */,
				C728D26925980A980003659F /* Info.plist */,
			);
			path = "tip calculator";
			sourceTree = "<group>";
		};
		C728D27125980A980003659F /* tip calculatorTests */ = {
			isa = PBXGroup;
			children = (
				C728D27225980A980003659F /* tip_calculatorTests.swift */,
				C728D27425980A980003659F /* Info.plist */,
			);
			path = "tip calculatorTests";
			sourceTree = "<group>";
		};
		C728D27C25980A980003659F /* tip calculatorUITests */ = {
			isa = PBXGroup;
			children = (
				C728D27D25980A980003659F /* tip_calculatorUITests.swift */,
				C728D27F25980A980003659F /* Info.plist */,
			);
			path = "tip calculatorUITests";
			sourceTree = "<group>";
		};
/* End PBXGroup section */

/* Begin PBXNativeTarget section */
		C728D25725980A930003659F /* tip calculator */ = {
			isa = PBXNativeTarget;
			buildConfigurationList = C728D28225980A980003659F /* Build configuration list for PBXNativeTarget "tip calculator" */;
			buildPhases = (
				C728D25425980A930003659F /* Sources */,
				C728D25525980A930003659F /* Frameworks */,
				C728D25625980A930003659F /* Resources */,
			);
			buildRules = (
			);
			dependencies = (
			);
			name = "tip calculator";
			productName = "tip calculator";
			productReference = C728D25825980A930003659F /* tip calculator.app */;
			productType = "com.apple.product-type.application";
		};
		C728D26D25980A980003659F /* tip calculatorTests */ = {
			isa = PBXNativeTarget;
			buildConfigurationList = C728D28525980A980003659F /* Build configuration list for PBXNativeTarget "tip calculatorTests" */;
			buildPhases = (
				C728D26A25980A980003659F /* Sources */,
				C728D26B25980A980003659F /* Frameworks */,
				C728D26C25980A980003659F /* Resources */,
			);
			buildRules = (
			);
			dependencies = (
				C728D27025980A980003659F /* PBXTargetDependency */,
			);
			name = "tip calculatorTests";
			productName = "tip calculatorTests";
			productReference = C728D26E25980A980003659F /* tip calculatorTests.xctest */;
			productType = "com.apple.product-type.bundle.unit-test";
		};
		C728D27825980A980003659F /* tip calculatorUITests */ = {
			isa = PBXNativeTarget;
			buildConfigurationList = C728D28825980A980003659F /* Build configuration list for PBXNativeTarget "tip calculatorUITests" */;
			buildPhases = (
				C728D27525980A980003659F /* Sources */,
				C728D27625980A980003659F /* Frameworks */,
				C728D27725980A980003659F /* Resources */,
			);
			buildRules = (
			);
			dependencies = (
				C728D27B25980A980003659F /* PBXTargetDependency */,
			);
			name = "tip calculatorUITests";
			productName = "tip calculatorUITests";
			productReference = C728D27925980A980003659F /* tip calculatorUITests.xctest */;
			productType = "com.apple.product-type.bundle.ui-testing";
		};
/* End PBXNativeTarget section */

/* Begin PBXProject section */
		C728D25025980A930003659F /* Project object */ = {
			isa = PBXProject;
			attributes = {
				LastSwiftUpdateCheck = 1130;
				LastUpgradeCheck = 1130;
				ORGANIZATIONNAME = Codepath;
				TargetAttributes = {
					C728D25725980A930003659F = {
						CreatedOnToolsVersion = 11.3.1;
					};
					C728D26D25980A980003659F = {
						CreatedOnToolsVersion = 11.3.1;
						TestTargetID = C728D25725980A930003659F;
					};
					C728D27825980A980003659F = {
						CreatedOnToolsVersion = 11.3.1;
						TestTargetID = C728D25725980A930003659F;
					};
				};
			};
			buildConfigurationList = C728D25325980A930003659F /* Build configuration list for PBXProject "tip calculator" */;
			compatibilityVersion = "Xcode 9.3";
			developmentRegion = en;
			hasScannedForEncodings = 0;
			knownRegions = (
				en,
				Base,
			);
			mainGroup = C728D24F25980A930003659F;
			productRefGroup = C728D25925980A930003659F /* Products */;
			projectDirPath = "";
			projectRoot = "";
			targets = (
				C728D25725980A930003659F /* tip calculator */,
				C728D26D25980A980003659F /* tip calculatorTests */,
				C728D27825980A980003659F /* tip calculatorUITests */,
			);
		};
/* End PBXProject section */

/* Begin PBXResourcesBuildPhase section */
		C728D25625980A930003659F /* Resources */ = {
			isa = PBXResourcesBuildPhase;
			buildActionMask = 2147483647;
			files = (
				C728D26825980A980003659F /* LaunchScreen.storyboard in Resources */,
				C728D26525980A980003659F /* Assets.xcassets in Resources */,
				C728D26325980A930003659F /* Main.storyboard in Resources */,
			);
			runOnlyForDeploymentPostprocessing = 0;
		};
		C728D26C25980A980003659F /* Resources */ = {
			isa = PBXResourcesBuildPhase;
			buildActionMask = 2147483647;
			files = (
			);
			runOnlyForDeploymentPostprocessing = 0;
		};
		C728D27725980A980003659F /* Resources */ = {
			isa = PBXResourcesBuildPhase;
			buildActionMask = 2147483647;
			files = (
			);
			runOnlyForDeploymentPostprocessing = 0;
		};
/* End PBXResourcesBuildPhase section */

/* Begin PBXSourcesBuildPhase section */
		C728D25425980A930003659F /* Sources */ = {
			isa = PBXSourcesBuildPhase;
			buildActionMask = 2147483647;
			files = (
				C728D26025980A930003659F /* ViewController.swift in Sources */,
				C728D25C25980A930003659F /* AppDelegate.swift in Sources */,
				C728D25E25980A930003659F /* SceneDelegate.swift in Sources */,
			);
			runOnlyForDeploymentPostprocessing = 0;
		};
		C728D26A25980A980003659F /* Sources */ = {
			isa = PBXSourcesBuildPhase;
			buildActionMask = 2147483647;
			files = (
				C728D27325980A980003659F /* tip_calculatorTests.swift in Sources */,
			);
			runOnlyForDeploymentPostprocessing = 0;
		};
		C728D27525980A980003659F /* Sources */ = {
			isa = PBXSourcesBuildPhase;
			buildActionMask = 2147483647;
			files = (
				C728D27E25980A980003659F /* tip_calculatorUITests.swift in Sources */,
			);
			runOnlyForDeploymentPostprocessing = 0;
		};
/* End PBXSourcesBuildPhase section */

/* Begin PBXTargetDependency section */
		C728D27025980A980003659F /* PBXTargetDependency */ = {
			isa = PBXTargetDependency;
			target = C728D25725980A930003659F /* tip calculator */;
			targetProxy = C728D26F25980A980003659F /* PBXContainerItemProxy */;
		};
		C728D27B25980A980003659F /* PBXTargetDependency */ = {
			isa = PBXTargetDependency;
			target = C728D25725980A930003659F /* tip calculator */;
			targetProxy = C728D27A25980A980003659F /* PBXContainerItemProxy */;
		};
/* End PBXTargetDependency section */

/* Begin PBXVariantGroup section */
		C728D26125980A930003659F /* Main.storyboard */ = {
			isa = PBXVariantGroup;
			children = (
				C728D26225980A930003659F /* Base */,
			);
			name = Main.storyboard;
			sourceTree = "<group>";
		};
		C728D26625980A980003659F /* LaunchScreen.storyboard */ = {
			isa = PBXVariantGroup;
			children = (
				C728D26725980A980003659F /* Base */,
			);
			name = LaunchScreen.storyboard;
			sourceTree = "<group>";
		};
/* End PBXVariantGroup section */

/* Begin XCBuildConfiguration section */
		C728D28025980A980003659F /* Debug */ = {
			isa = XCBuildConfiguration;
			buildSettings = {
				ALWAYS_SEARCH_USER_PATHS = NO;
				CLANG_ANALYZER_NONNULL = YES;
				CLANG_ANALYZER_NUMBER_OBJECT_CONVERSION = YES_AGGRESSIVE;
				CLANG_CXX_LANGUAGE_STANDARD = "gnu++14";
				CLANG_CXX_LIBRARY = "libc++";
				CLANG_ENABLE_MODULES = YES;
				CLANG_ENABLE_OBJC_ARC = YES;
				CLANG_ENABLE_OBJC_WEAK = YES;
				CLANG_WARN_BLOCK_CAPTURE_AUTORELEASING = YES;
				CLANG_WARN_BOOL_CONVERSION = YES;
				CLANG_WARN_COMMA = YES;
				CLANG_WARN_CONSTANT_CONVERSION = YES;
				CLANG_WARN_DEPRECATED_OBJC_IMPLEMENTATIONS = YES;
				CLANG_WARN_DIRECT_OBJC_ISA_USAGE = YES_ERROR;
				CLANG_WARN_DOCUMENTATION_COMMENTS = YES;
				CLANG_WARN_EMPTY_BODY = YES;
				CLANG_WARN_ENUM_CONVERSION = YES;
				CLANG_WARN_INFINITE_RECURSION = YES;
				CLANG_WARN_INT_CONVERSION = YES;
				CLANG_WARN_NON_LITERAL_NULL_CONVERSION = YES;
				CLANG_WARN_OBJC_IMPLICIT_RETAIN_SELF = YES;
				CLANG_WARN_OBJC_LITERAL_CONVERSION = YES;
				CLANG_WARN_OBJC_ROOT_CLASS = YES_ERROR;
				CLANG_WARN_RANGE_LOOP_ANALYSIS = YES;
				CLANG_WARN_STRICT_PROTOTYPES = YES;
				CLANG_WARN_SUSPICIOUS_MOVE = YES;
				CLANG_WARN_UNGUARDED_AVAILABILITY = YES_AGGRESSIVE;
				CLANG_WARN_UNREACHABLE_CODE = YES;
				CLANG_WARN__DUPLICATE_METHOD_MATCH = YES;
				COPY_PHASE_STRIP = NO;
				DEBUG_INFORMATION_FORMAT = dwarf;
				ENABLE_STRICT_OBJC_MSGSEND = YES;
				ENABLE_TESTABILITY = YES;
				GCC_C_LANGUAGE_STANDARD = gnu11;
				GCC_DYNAMIC_NO_PIC = NO;
				GCC_NO_COMMON_BLOCKS = YES;
				GCC_OPTIMIZATION_LEVEL = 0;
				GCC_PREPROCESSOR_DEFINITIONS = (
					"DEBUG=1",
					"$(inherited)",
				);
				GCC_WARN_64_TO_32_BIT_CONVERSION = YES;
				GCC_WARN_ABOUT_RETURN_TYPE = YES_ERROR;
				GCC_WARN_UNDECLARED_SELECTOR = YES;
				GCC_WARN_UNINITIALIZED_AUTOS = YES_AGGRESSIVE;
				GCC_WARN_UNUSED_FUNCTION = YES;
				GCC_WARN_UNUSED_VARIABLE = YES;
				IPHONEOS_DEPLOYMENT_TARGET = 13.2;
				MTL_ENABLE_DEBUG_INFO = INCLUDE_SOURCE;
				MTL_FAST_MATH = YES;
				ONLY_ACTIVE_ARCH = YES;
				SDKROOT = iphoneos;
				SWIFT_ACTIVE_COMPILATION_CONDITIONS = DEBUG;
				SWIFT_OPTIMIZATION_LEVEL = "-Onone";
			};
			name = Debug;
		};
		C728D28125980A980003659F /* Release */ = {
			isa = XCBuildConfiguration;
			buildSettings = {
				ALWAYS_SEARCH_USER_PATHS = NO;
				CLANG_ANALYZER_NONNULL = YES;
				CLANG_ANALYZER_NUMBER_OBJECT_CONVERSION = YES_AGGRESSIVE;
				CLANG_CXX_LANGUAGE_STANDARD = "gnu++14";
				CLANG_CXX_LIBRARY = "libc++";
				CLANG_ENABLE_MODULES = YES;
				CLANG_ENABLE_OBJC_ARC = YES;
				CLANG_ENABLE_OBJC_WEAK = YES;
				CLANG_WARN_BLOCK_CAPTURE_AUTORELEASING = YES;
				CLANG_WARN_BOOL_CONVERSION = YES;
				CLANG_WARN_COMMA = YES;
				CLANG_WARN_CONSTANT_CONVERSION = YES;
				CLANG_WARN_DEPRECATED_OBJC_IMPLEMENTATIONS = YES;
				CLANG_WARN_DIRECT_OBJC_ISA_USAGE = YES_ERROR;
				CLANG_WARN_DOCUMENTATION_COMMENTS = YES;
				CLANG_WARN_EMPTY_BODY = YES;
				CLANG_WARN_ENUM_CONVERSION = YES;
				CLANG_WARN_INFINITE_RECURSION = YES;
				CLANG_WARN_INT_CONVERSION = YES;
				CLANG_WARN_NON_LITERAL_NULL_CONVERSION = YES;
				CLANG_WARN_OBJC_IMPLICIT_RETAIN_SELF = YES;
				CLANG_WARN_OBJC_LITERAL_CONVERSION = YES;
				CLANG_WARN_OBJC_ROOT_CLASS = YES_ERROR;
				CLANG_WARN_RANGE_LOOP_ANALYSIS = YES;
				CLANG_WARN_STRICT_PROTOTYPES = YES;
				CLANG_WARN_SUSPICIOUS_MOVE = YES;
				CLANG_WARN_UNGUARDED_AVAILABILITY = YES_AGGRESSIVE;
				CLANG_WARN_UNREACHABLE_CODE = YES;
				CLANG_WARN__DUPLICATE_METHOD_MATCH = YES;
				COPY_PHASE_STRIP = NO;
				DEBUG_INFORMATION_FORMAT = "dwarf-with-dsym";
				ENABLE_NS_ASSERTIONS = NO;
				ENABLE_STRICT_OBJC_MSGSEND = YES;
				GCC_C_LANGUAGE_STANDARD = gnu11;
				GCC_NO_COMMON_BLOCKS = YES;
				GCC_WARN_64_TO_32_BIT_CONVERSION = YES;
				GCC_WARN_ABOUT_RETURN_TYPE = YES_ERROR;
				GCC_WARN_UNDECLARED_SELECTOR = YES;
				GCC_WARN_UNINITIALIZED_AUTOS = YES_AGGRESSIVE;
				GCC_WARN_UNUSED_FUNCTION = YES;
				GCC_WARN_UNUSED_VARIABLE = YES;
				IPHONEOS_DEPLOYMENT_TARGET = 13.2;
				MTL_ENABLE_DEBUG_INFO = NO;
				MTL_FAST_MATH = YES;
				SDKROOT = iphoneos;
				SWIFT_COMPILATION_MODE = wholemodule;
				SWIFT_OPTIMIZATION_LEVEL = "-O";
				VALIDATE_PRODUCT = YES;
			};
			name = Release;
		};
		C728D28325980A980003659F /* Debug */ = {
			isa = XCBuildConfiguration;
			buildSettings = {
				ASSETCATALOG_COMPILER_APPICON_NAME = AppIcon;
				CODE_SIGN_STYLE = Automatic;
				INFOPLIST_FILE = "tip calculator/Info.plist";
				LD_RUNPATH_SEARCH_PATHS = (
					"$(inherited)",
					"@executable_path/Frameworks",
				);
				PRODUCT_BUNDLE_IDENTIFIER = "com.codepath.tip-calculator";
				PRODUCT_NAME = "$(TARGET_NAME)";
				SWIFT_VERSION = 5.0;
				TARGETED_DEVICE_FAMILY = "1,2";
			};
			name = Debug;
		};
		C728D28425980A980003659F /* Release */ = {
			isa = XCBuildConfiguration;
			buildSettings = {
				ASSETCATALOG_COMPILER_APPICON_NAME = AppIcon;
				CODE_SIGN_STYLE = Automatic;
				INFOPLIST_FILE = "tip calculator/Info.plist";
				LD_RUNPATH_SEARCH_PATHS = (
					"$(inherited)",
					"@executable_path/Frameworks",
				);
				PRODUCT_BUNDLE_IDENTIFIER = "com.codepath.tip-calculator";
				PRODUCT_NAME = "$(TARGET_NAME)";
				SWIFT_VERSION = 5.0;
				TARGETED_DEVICE_FAMILY = "1,2";
			};
			name = Release;
		};
		C728D28625980A980003659F /* Debug */ = {
			isa = XCBuildConfiguration;
			buildSettings = {
				ALWAYS_EMBED_SWIFT_STANDARD_LIBRARIES = YES;
				BUNDLE_LOADER = "$(TEST_HOST)";
				CODE_SIGN_STYLE = Automatic;
				INFOPLIST_FILE = "tip calculatorTests/Info.plist";
				IPHONEOS_DEPLOYMENT_TARGET = 13.2;
				LD_RUNPATH_SEARCH_PATHS = (
					"$(inherited)",
					"@executable_path/Frameworks",
					"@loader_path/Frameworks",
				);
				PRODUCT_BUNDLE_IDENTIFIER = "com.codepath.tip-calculatorTests";
				PRODUCT_NAME = "$(TARGET_NAME)";
				SWIFT_VERSION = 5.0;
				TARGETED_DEVICE_FAMILY = "1,2";
				TEST_HOST = "$(BUILT_PRODUCTS_DIR)/tip calculator.app/tip calculator";
			};
			name = Debug;
		};
		C728D28725980A980003659F /* Release */ = {
			isa = XCBuildConfiguration;
			buildSettings = {
				ALWAYS_EMBED_SWIFT_STANDARD_LIBRARIES = YES;
				BUNDLE_LOADER = "$(TEST_HOST)";
				CODE_SIGN_STYLE = Automatic;
				INFOPLIST_FILE = "tip calculatorTests/Info.plist";
				IPHONEOS_DEPLOYMENT_TARGET = 13.2;
				LD_RUNPATH_SEARCH_PATHS = (
					"$(inherited)",
					"@executable_path/Frameworks",
					"@loader_path/Frameworks",
				);
				PRODUCT_BUNDLE_IDENTIFIER = "com.codepath.tip-calculatorTests";
				PRODUCT_NAME = "$(TARGET_NAME)";
				SWIFT_VERSION = 5.0;
				TARGETED_DEVICE_FAMILY = "1,2";
				TEST_HOST = "$(BUILT_PRODUCTS_DIR)/tip calculator.app/tip calculator";
			};
			name = Release;
		};
		C728D28925980A980003659F /* Debug */ = {
			isa = XCBuildConfiguration;
			buildSettings = {
				ALWAYS_EMBED_SWIFT_STANDARD_LIBRARIES = YES;
				CODE_SIGN_STYLE = Automatic;
				INFOPLIST_FILE = "tip calculatorUITests/Info.plist";
				LD_RUNPATH_SEARCH_PATHS = (
					"$(inherited)",
					"@executable_path/Frameworks",
					"@loader_path/Frameworks",
				);
				PRODUCT_BUNDLE_IDENTIFIER = "com.codepath.tip-calculatorUITests";
				PRODUCT_NAME = "$(TARGET_NAME)";
				SWIFT_VERSION = 5.0;
				TARGETED_DEVICE_FAMILY = "1,2";
				TEST_TARGET_NAME = "tip calculator";
			};
			name = Debug;
		};
		C728D28A25980A980003659F /* Release */ = {
			isa = XCBuildConfiguration;
			buildSettings = {
				ALWAYS_EMBED_SWIFT_STANDARD_LIBRARIES = YES;
				CODE_SIGN_STYLE = Automatic;
				INFOPLIST_FILE = "tip calculatorUITests/Info.plist";
				LD_RUNPATH_SEARCH_PATHS = (
					"$(inherited)",
					"@executable_path/Frameworks",
					"@loader_path/Frameworks",
				);
				PRODUCT_BUNDLE_IDENTIFIER = "com.codepath.tip-calculatorUITests";
				PRODUCT_NAME = "$(TARGET_NAME)";
				SWIFT_VERSION = 5.0;
				TARGETED_DEVICE_FAMILY = "1,2";
				TEST_TARGET_NAME = "tip calculator";
			};
			name = Release;
		};
/* End XCBuildConfiguration section */

/* Begin XCConfigurationList section */
		C728D25325980A930003659F /* Build configuration list for PBXProject "tip calculator" */ = {
			isa = XCConfigurationList;
			buildConfigurations = (
				C728D28025980A980003659F /* Debug */,
				C728D28125980A980003659F /* Release */,
			);
			defaultConfigurationIsVisible = 0;
			defaultConfigurationName = Release;
		};
		C728D28225980A980003659F /* Build configuration list for PBXNativeTarget "tip calculator" */ = {
			isa = XCConfigurationList;
			buildConfigurations = (
				C728D28325980A980003659F /* Debug */,
				C728D28425980A980003659F /* Release */,
			);
			defaultConfigurationIsVisible = 0;
			defaultConfigurationName = Release;
		};
		C728D28525980A980003659F /* Build configuration list for PBXNativeTarget "tip calculatorTests" */ = {
			isa = XCConfigurationList;
			buildConfigurations = (
				C728D28625980A980003659F /* Debug */,
				C728D28725980A980003659F /* Release */,
			);
			defaultConfigurationIsVisible = 0;
			defaultConfigurationName = Release;
		};
		C728D28825980A980003659F /* Build configuration list for PBXNativeTarget "tip calculatorUITests" */ = {
			isa = XCConfigurationList;
			buildConfigurations = (
				C728D28925980A980003659F /* Debug */,
				C728D28A25980A980003659F /* Release */,
			);
			defaultConfigurationIsVisible = 0;
			defaultConfigurationName = Release;
		};
/* End XCConfigurationList section */
	};
	rootObject = C728D25025980A930003659F /* Project object */;
}
